
Microsoft Visual Studio Solution File, Format Version 12.00
# Visual Studio Version 17
VisualStudioVersion = 17.2.32526.322
MinimumVisualStudioVersion = 10.0.40219.1
Project("{FAE04EC0-301F-11D3-BF4B-00C04F79EFBC}") = "HomeTrainer", "HomeTrainer\HomeTrainer.csproj", "{03BD68DB-F6C3-4C52-9559-620B29D35648}"
EndProject
Global
	GlobalSection(SolutionConfigurationPlatforms) = preSolution
		Debug|Any CPU = Debug|Any CPU
		Release|Any CPU = Release|Any CPU
	EndGlobalSection
	GlobalSection(ProjectConfigurationPlatforms) = postSolution
		{03BD68DB-F6C3-4C52-9559-620B29D35648}.Debug|Any CPU.ActiveCfg = Debug|Any CPU
		{03BD68DB-F6C3-4C52-9559-620B29D35648}.Debug|Any CPU.Build.0 = Debug|Any CPU
		{03BD68DB-F6C3-4C52-9559-620B29D35648}.Release|Any CPU.ActiveCfg = Release|Any CPU
		{03BD68DB-F6C3-4C52-9559-620B29D35648}.Release|Any CPU.Build.0 = Release|Any CPU
	EndGlobalSection
	GlobalSection(SolutionProperties) = preSolution
		HideSolutionNode = FALSE
	EndGlobalSection
	GlobalSection(ExtensibilityGlobals) = postSolution
		SolutionGuid = {12245060-A478-4A6D-90D8-75A348BFFDF7}
	EndGlobalSection
EndGlobal
